// !$*UTF8*$!
{
	archiveVersion = 1;
	classes = {
	};
	objectVersion = 55;
	objects = {

/* Begin PBXBuildFile section */
		1E13D06F279064E100D012EE /* User.swift in Sources */ = {isa = PBXBuildFile; fileRef = 1E13D06E279064E100D012EE /* User.swift */; };
		1E13D0742790694000D012EE /* OtherView.swift in Sources */ = {isa = PBXBuildFile; fileRef = 1E13D0732790694000D012EE /* OtherView.swift */; };
		1E13D0762790758700D012EE /* SettingMenu.swift in Sources */ = {isa = PBXBuildFile; fileRef = 1E13D0752790758700D012EE /* SettingMenu.swift */; };
		1E36D63A2790D7FD00835A4C /* SettingView.swift in Sources */ = {isa = PBXBuildFile; fileRef = 1E36D6392790D7FD00835A4C /* SettingView.swift */; };
		1E712905278F2404001BEAC3 /* CafeSwiftUIApp.swift in Sources */ = {isa = PBXBuildFile; fileRef = 1E712904278F2404001BEAC3 /* CafeSwiftUIApp.swift */; };
		1E712907278F2404001BEAC3 /* MainTabView.swift in Sources */ = {isa = PBXBuildFile; fileRef = 1E712906278F2404001BEAC3 /* MainTabView.swift */; };
		1E712909278F2406001BEAC3 /* Assets.xcassets in Resources */ = {isa = PBXBuildFile; fileRef = 1E712908278F2406001BEAC3 /* Assets.xcassets */; };
		1E71290C278F2406001BEAC3 /* Preview Assets.xcassets in Resources */ = {isa = PBXBuildFile; fileRef = 1E71290B278F2406001BEAC3 /* Preview Assets.xcassets */; };
		1E712913278F2828001BEAC3 /* Tab.swift in Sources */ = {isa = PBXBuildFile; fileRef = 1E712912278F2828001BEAC3 /* Tab.swift */; };
		1EF3CB68278F8F930087DD05 /* MenuSuggestionSectionView.swift in Sources */ = {isa = PBXBuildFile; fileRef = 1EF3CB67278F8F930087DD05 /* MenuSuggestionSectionView.swift */; };
		1EF3CB6A278F90210087DD05 /* CoffeeMenu.swift in Sources */ = {isa = PBXBuildFile; fileRef = 1EF3CB69278F90210087DD05 /* CoffeeMenu.swift */; };
		1EF3CB6C278F946A0087DD05 /* EventsSectionView.swift in Sources */ = {isa = PBXBuildFile; fileRef = 1EF3CB6B278F946A0087DD05 /* EventsSectionView.swift */; };
		1EF3CB6E278F94B10087DD05 /* Event.swift in Sources */ = {isa = PBXBuildFile; fileRef = 1EF3CB6D278F94B10087DD05 /* Event.swift */; };
		1EF3CB71278FA07F0087DD05 /* HomeView.swift in Sources */ = {isa = PBXBuildFile; fileRef = 1EF3CB70278FA07F0087DD05 /* HomeView.swift */; };
		1EF3CB73278FA0880087DD05 /* HomeHeaderView.swift in Sources */ = {isa = PBXBuildFile; fileRef = 1EF3CB72278FA0880087DD05 /* HomeHeaderView.swift */; };
/* End PBXBuildFile section */

/* Begin PBXFileReference section */
		1E13D06E279064E100D012EE /* User.swift */ = {isa = PBXFileReference; lastKnownFileType = sourcecode.swift; path = User.swift; sourceTree = "<group>"; };
		1E13D0732790694000D012EE /* OtherView.swift */ = {isa = PBXFileReference; lastKnownFileType = sourcecode.swift; path = OtherView.swift; sourceTree = "<group>"; };
		1E13D0752790758700D012EE /* SettingMenu.swift */ = {isa = PBXFileReference; lastKnownFileType = sourcecode.swift; path = SettingMenu.swift; sourceTree = "<group>"; };
		1E36D6392790D7FD00835A4C /* SettingView.swift */ = {isa = PBXFileReference; lastKnownFileType = sourcecode.swift; path = SettingView.swift; sourceTree = "<group>"; };
		1E712901278F2404001BEAC3 /* CafeSwiftUI.app */ = {isa = PBXFileReference; explicitFileType = wrapper.application; includeInIndex = 0; path = CafeSwiftUI.app; sourceTree = BUILT_PRODUCTS_DIR; };
		1E712904278F2404001BEAC3 /* CafeSwiftUIApp.swift */ = {isa = PBXFileReference; lastKnownFileType = sourcecode.swift; path = CafeSwiftUIApp.swift; sourceTree = "<group>"; };
		1E712906278F2404001BEAC3 /* MainTabView.swift */ = {isa = PBXFileReference; lastKnownFileType = sourcecode.swift; path = MainTabView.swift; sourceTree = "<group>"; };
		1E712908278F2406001BEAC3 /* Assets.xcassets */ = {isa = PBXFileReference; lastKnownFileType = folder.assetcatalog; path = Assets.xcassets; sourceTree = "<group>"; };
		1E71290B278F2406001BEAC3 /* Preview Assets.xcassets */ = {isa = PBXFileReference; lastKnownFileType = folder.assetcatalog; path = "Preview Assets.xcassets"; sourceTree = "<group>"; };
		1E712912278F2828001BEAC3 /* Tab.swift */ = {isa = PBXFileReference; lastKnownFileType = sourcecode.swift; path = Tab.swift; sourceTree = "<group>"; };
		1EF3CB67278F8F930087DD05 /* MenuSuggestionSectionView.swift */ = {isa = PBXFileReference; lastKnownFileType = sourcecode.swift; path = MenuSuggestionSectionView.swift; sourceTree = "<group>"; };
		1EF3CB69278F90210087DD05 /* CoffeeMenu.swift */ = {isa = PBXFileReference; lastKnownFileType = sourcecode.swift; path = CoffeeMenu.swift; sourceTree = "<group>"; };
		1EF3CB6B278F946A0087DD05 /* EventsSectionView.swift */ = {isa = PBXFileReference; lastKnownFileType = sourcecode.swift; path = EventsSectionView.swift; sourceTree = "<group>"; };
		1EF3CB6D278F94B10087DD05 /* Event.swift */ = {isa = PBXFileReference; lastKnownFileType = sourcecode.swift; path = Event.swift; sourceTree = "<group>"; };
		1EF3CB70278FA07F0087DD05 /* HomeView.swift */ = {isa = PBXFileReference; lastKnownFileType = sourcecode.swift; path = HomeView.swift; sourceTree = "<group>"; };
		1EF3CB72278FA0880087DD05 /* HomeHeaderView.swift */ = {isa = PBXFileReference; lastKnownFileType = sourcecode.swift; path = HomeHeaderView.swift; sourceTree = "<group>"; };
/* End PBXFileReference section */

/* Begin PBXFrameworksBuildPhase section */
		1E7128FE278F2404001BEAC3 /* Frameworks */ = {
			isa = PBXFrameworksBuildPhase;
			buildActionMask = 2147483647;
			files = (
			);
			runOnlyForDeploymentPostprocessing = 0;
		};
/* End PBXFrameworksBuildPhase section */

/* Begin PBXGroup section */
		1E13D0722790693300D012EE /* Other */ = {
			isa = PBXGroup;
			children = (
				1E13D0732790694000D012EE /* OtherView.swift */,
				1E13D0752790758700D012EE /* SettingMenu.swift */,
				1E36D6392790D7FD00835A4C /* SettingView.swift */,
			);
			path = Other;
			sourceTree = "<group>";
		};
		1E7128F8278F2404001BEAC3 = {
			isa = PBXGroup;
			children = (
				1E712903278F2404001BEAC3 /* CafeSwiftUI */,
				1E712902278F2404001BEAC3 /* Products */,
			);
			sourceTree = "<group>";
		};
		1E712902278F2404001BEAC3 /* Products */ = {
			isa = PBXGroup;
			children = (
				1E712901278F2404001BEAC3 /* CafeSwiftUI.app */,
			);
			name = Products;
			sourceTree = "<group>";
		};
		1E712903278F2404001BEAC3 /* CafeSwiftUI */ = {
			isa = PBXGroup;
			children = (
				1E712904278F2404001BEAC3 /* CafeSwiftUIApp.swift */,
				1EF3CB69278F90210087DD05 /* CoffeeMenu.swift */,
				1EF3CB6D278F94B10087DD05 /* Event.swift */,
				1E13D06E279064E100D012EE /* User.swift */,
				1EF3CB66278F8F7E0087DD05 /* Scenes */,
				1E712908278F2406001BEAC3 /* Assets.xcassets */,
				1E71290A278F2406001BEAC3 /* Preview Content */,
			);
			path = CafeSwiftUI;
			sourceTree = "<group>";
		};
		1E71290A278F2406001BEAC3 /* Preview Content */ = {
			isa = PBXGroup;
			children = (
				1E71290B278F2406001BEAC3 /* Preview Assets.xcassets */,
			);
			path = "Preview Content";
			sourceTree = "<group>";
		};
		1EF3CB65278F8F770087DD05 /* Tab */ = {
			isa = PBXGroup;
			children = (
				1E712906278F2404001BEAC3 /* MainTabView.swift */,
				1E712912278F2828001BEAC3 /* Tab.swift */,
			);
			path = Tab;
			sourceTree = "<group>";
		};
		1EF3CB66278F8F7E0087DD05 /* Scenes */ = {
			isa = PBXGroup;
			children = (
				1E13D0722790693300D012EE /* Other */,
				1EF3CB65278F8F770087DD05 /* Tab */,
				1EF3CB6F278FA06F0087DD05 /* Home */,
			);
			path = Scenes;
			sourceTree = "<group>";
		};
		1EF3CB6F278FA06F0087DD05 /* Home */ = {
			isa = PBXGroup;
			children = (
				1EF3CB70278FA07F0087DD05 /* HomeView.swift */,
				1EF3CB72278FA0880087DD05 /* HomeHeaderView.swift */,
				1EF3CB67278F8F930087DD05 /* MenuSuggestionSectionView.swift */,
				1EF3CB6B278F946A0087DD05 /* EventsSectionView.swift */,
			);
			path = Home;
			sourceTree = "<group>";
		};
/* End PBXGroup section */

/* Begin PBXNativeTarget section */
		1E712900278F2404001BEAC3 /* CafeSwiftUI */ = {
			isa = PBXNativeTarget;
			buildConfigurationList = 1E71290F278F2406001BEAC3 /* Build configuration list for PBXNativeTarget "CafeSwiftUI" */;
			buildPhases = (
				1E7128FD278F2404001BEAC3 /* Sources */,
				1E7128FE278F2404001BEAC3 /* Frameworks */,
				1E7128FF278F2404001BEAC3 /* Resources */,
			);
			buildRules = (
			);
			dependencies = (
			);
			name = CafeSwiftUI;
			productName = CafeSwiftUI;
			productReference = 1E712901278F2404001BEAC3 /* CafeSwiftUI.app */;
			productType = "com.apple.product-type.application";
		};
/* End PBXNativeTarget section */

/* Begin PBXProject section */
		1E7128F9278F2404001BEAC3 /* Project object */ = {
			isa = PBXProject;
			attributes = {
				BuildIndependentTargetsInParallel = 1;
				LastSwiftUpdateCheck = 1320;
				LastUpgradeCheck = 1320;
				TargetAttributes = {
					1E712900278F2404001BEAC3 = {
						CreatedOnToolsVersion = 13.2.1;
					};
				};
			};
			buildConfigurationList = 1E7128FC278F2404001BEAC3 /* Build configuration list for PBXProject "CafeSwiftUI" */;
			compatibilityVersion = "Xcode 13.0";
			developmentRegion = en;
			hasScannedForEncodings = 0;
			knownRegions = (
				en,
				Base,
			);
			mainGroup = 1E7128F8278F2404001BEAC3;
			productRefGroup = 1E712902278F2404001BEAC3 /* Products */;
			projectDirPath = "";
			projectRoot = "";
			targets = (
				1E712900278F2404001BEAC3 /* CafeSwiftUI */,
			);
		};
/* End PBXProject section */

/* Begin PBXResourcesBuildPhase section */
		1E7128FF278F2404001BEAC3 /* Resources */ = {
			isa = PBXResourcesBuildPhase;
			buildActionMask = 2147483647;
			files = (
				1E71290C278F2406001BEAC3 /* Preview Assets.xcassets in Resources */,
				1E712909278F2406001BEAC3 /* Assets.xcassets in Resources */,
			);
			runOnlyForDeploymentPostprocessing = 0;
		};
/* End PBXResourcesBuildPhase section */

/* Begin PBXSourcesBuildPhase section */
		1E7128FD278F2404001BEAC3 /* Sources */ = {
			isa = PBXSourcesBuildPhase;
			buildActionMask = 2147483647;
			files = (
				1E712907278F2404001BEAC3 /* MainTabView.swift in Sources */,
				1E712913278F2828001BEAC3 /* Tab.swift in Sources */,
				1EF3CB6A278F90210087DD05 /* CoffeeMenu.swift in Sources */,
				1EF3CB73278FA0880087DD05 /* HomeHeaderView.swift in Sources */,
				1EF3CB6C278F946A0087DD05 /* EventsSectionView.swift in Sources */,
				1E13D0742790694000D012EE /* OtherView.swift in Sources */,
				1E712905278F2404001BEAC3 /* CafeSwiftUIApp.swift in Sources */,
				1EF3CB71278FA07F0087DD05 /* HomeView.swift in Sources */,
				1E36D63A2790D7FD00835A4C /* SettingView.swift in Sources */,
				1EF3CB6E278F94B10087DD05 /* Event.swift in Sources */,
				1E13D06F279064E100D012EE /* User.swift in Sources */,
				1EF3CB68278F8F930087DD05 /* MenuSuggestionSectionView.swift in Sources */,
				1E13D0762790758700D012EE /* SettingMenu.swift in Sources */,
			);
			runOnlyForDeploymentPostprocessing = 0;
		};
/* End PBXSourcesBuildPhase section */

/* Begin XCBuildConfiguration section */
		1E71290D278F2406001BEAC3 /* Debug */ = {
			isa = XCBuildConfiguration;
			buildSettings = {
				ALWAYS_SEARCH_USER_PATHS = NO;
				CLANG_ANALYZER_NONNULL = YES;
				CLANG_ANALYZER_NUMBER_OBJECT_CONVERSION = YES_AGGRESSIVE;
				CLANG_CXX_LANGUAGE_STANDARD = "gnu++17";
				CLANG_CXX_LIBRARY = "libc++";
				CLANG_ENABLE_MODULES = YES;
				CLANG_ENABLE_OBJC_ARC = YES;
				CLANG_ENABLE_OBJC_WEAK = YES;
				CLANG_WARN_BLOCK_CAPTURE_AUTORELEASING = YES;
				CLANG_WARN_BOOL_CONVERSION = YES;
				CLANG_WARN_COMMA = YES;
				CLANG_WARN_CONSTANT_CONVERSION = YES;
				CLANG_WARN_DEPRECATED_OBJC_IMPLEMENTATIONS = YES;
				CLANG_WARN_DIRECT_OBJC_ISA_USAGE = YES_ERROR;
				CLANG_WARN_DOCUMENTATION_COMMENTS = YES;
				CLANG_WARN_EMPTY_BODY = YES;
				CLANG_WARN_ENUM_CONVERSION = YES;
				CLANG_WARN_INFINITE_RECURSION = YES;
				CLANG_WARN_INT_CONVERSION = YES;
				CLANG_WARN_NON_LITERAL_NULL_CONVERSION = YES;
				CLANG_WARN_OBJC_IMPLICIT_RETAIN_SELF = YES;
				CLANG_WARN_OBJC_LITERAL_CONVERSION = YES;
				CLANG_WARN_OBJC_ROOT_CLASS = YES_ERROR;
				CLANG_WARN_QUOTED_INCLUDE_IN_FRAMEWORK_HEADER = YES;
				CLANG_WARN_RANGE_LOOP_ANALYSIS = YES;
				CLANG_WARN_STRICT_PROTOTYPES = YES;
				CLANG_WARN_SUSPICIOUS_MOVE = YES;
				CLANG_WARN_UNGUARDED_AVAILABILITY = YES_AGGRESSIVE;
				CLANG_WARN_UNREACHABLE_CODE = YES;
				CLANG_WARN__DUPLICATE_METHOD_MATCH = YES;
				COPY_PHASE_STRIP = NO;
				DEBUG_INFORMATION_FORMAT = dwarf;
				ENABLE_STRICT_OBJC_MSGSEND = YES;
				ENABLE_TESTABILITY = YES;
				GCC_C_LANGUAGE_STANDARD = gnu11;
				GCC_DYNAMIC_NO_PIC = NO;
				GCC_NO_COMMON_BLOCKS = YES;
				GCC_OPTIMIZATION_LEVEL = 0;
				GCC_PREPROCESSOR_DEFINITIONS = (
					"DEBUG=1",
					"$(inherited)",
				);
				GCC_WARN_64_TO_32_BIT_CONVERSION = YES;
				GCC_WARN_ABOUT_RETURN_TYPE = YES_ERROR;
				GCC_WARN_UNDECLARED_SELECTOR = YES;
				GCC_WARN_UNINITIALIZED_AUTOS = YES_AGGRESSIVE;
				GCC_WARN_UNUSED_FUNCTION = YES;
				GCC_WARN_UNUSED_VARIABLE = YES;
				IPHONEOS_DEPLOYMENT_TARGET = 15.2;
				MTL_ENABLE_DEBUG_INFO = INCLUDE_SOURCE;
				MTL_FAST_MATH = YES;
				ONLY_ACTIVE_ARCH = YES;
				SDKROOT = iphoneos;
				SWIFT_ACTIVE_COMPILATION_CONDITIONS = DEBUG;
				SWIFT_OPTIMIZATION_LEVEL = "-Onone";
			};
			name = Debug;
		};
		1E71290E278F2406001BEAC3 /* Release */ = {
			isa = XCBuildConfiguration;
			buildSettings = {
				ALWAYS_SEARCH_USER_PATHS = NO;
				CLANG_ANALYZER_NONNULL = YES;
				CLANG_ANALYZER_NUMBER_OBJECT_CONVERSION = YES_AGGRESSIVE;
				CLANG_CXX_LANGUAGE_STANDARD = "gnu++17";
				CLANG_CXX_LIBRARY = "libc++";
				CLANG_ENABLE_MODULES = YES;
				CLANG_ENABLE_OBJC_ARC = YES;
				CLANG_ENABLE_OBJC_WEAK = YES;
				CLANG_WARN_BLOCK_CAPTURE_AUTORELEASING = YES;
				CLANG_WARN_BOOL_CONVERSION = YES;
				CLANG_WARN_COMMA = YES;
				CLANG_WARN_CONSTANT_CONVERSION = YES;
				CLANG_WARN_DEPRECATED_OBJC_IMPLEMENTATIONS = YES;
				CLANG_WARN_DIRECT_OBJC_ISA_USAGE = YES_ERROR;
				CLANG_WARN_DOCUMENTATION_COMMENTS = YES;
				CLANG_WARN_EMPTY_BODY = YES;
				CLANG_WARN_ENUM_CONVERSION = YES;
				CLANG_WARN_INFINITE_RECURSION = YES;
				CLANG_WARN_INT_CONVERSION = YES;
				CLANG_WARN_NON_LITERAL_NULL_CONVERSION = YES;
				CLANG_WARN_OBJC_IMPLICIT_RETAIN_SELF = YES;
				CLANG_WARN_OBJC_LITERAL_CONVERSION = YES;
				CLANG_WARN_OBJC_ROOT_CLASS = YES_ERROR;
				CLANG_WARN_QUOTED_INCLUDE_IN_FRAMEWORK_HEADER = YES;
				CLANG_WARN_RANGE_LOOP_ANALYSIS = YES;
				CLANG_WARN_STRICT_PROTOTYPES = YES;
				CLANG_WARN_SUSPICIOUS_MOVE = YES;
				CLANG_WARN_UNGUARDED_AVAILABILITY = YES_AGGRESSIVE;
				CLANG_WARN_UNREACHABLE_CODE = YES;
				CLANG_WARN__DUPLICATE_METHOD_MATCH = YES;
				COPY_PHASE_STRIP = NO;
				DEBUG_INFORMATION_FORMAT = "dwarf-with-dsym";
				ENABLE_NS_ASSERTIONS = NO;
				ENABLE_STRICT_OBJC_MSGSEND = YES;
				GCC_C_LANGUAGE_STANDARD = gnu11;
				GCC_NO_COMMON_BLOCKS = YES;
				GCC_WARN_64_TO_32_BIT_CONVERSION = YES;
				GCC_WARN_ABOUT_RETURN_TYPE = YES_ERROR;
				GCC_WARN_UNDECLARED_SELECTOR = YES;
				GCC_WARN_UNINITIALIZED_AUTOS = YES_AGGRESSIVE;
				GCC_WARN_UNUSED_FUNCTION = YES;
				GCC_WARN_UNUSED_VARIABLE = YES;
				IPHONEOS_DEPLOYMENT_TARGET = 15.2;
				MTL_ENABLE_DEBUG_INFO = NO;
				MTL_FAST_MATH = YES;
				SDKROOT = iphoneos;
				SWIFT_COMPILATION_MODE = wholemodule;
				SWIFT_OPTIMIZATION_LEVEL = "-O";
				VALIDATE_PRODUCT = YES;
			};
			name = Release;
		};
		1E712910278F2406001BEAC3 /* Debug */ = {
			isa = XCBuildConfiguration;
			buildSettings = {
				ASSETCATALOG_COMPILER_APPICON_NAME = AppIcon;
				ASSETCATALOG_COMPILER_GLOBAL_ACCENT_COLOR_NAME = AccentColor;
				CODE_SIGN_STYLE = Automatic;
				CURRENT_PROJECT_VERSION = 1;
				DEVELOPMENT_ASSET_PATHS = "\"CafeSwiftUI/Preview Content\"";
				DEVELOPMENT_TEAM = 4FTFKXF8N5;
				ENABLE_PREVIEWS = YES;
				GENERATE_INFOPLIST_FILE = YES;
				INFOPLIST_KEY_UIApplicationSceneManifest_Generation = YES;
				INFOPLIST_KEY_UIApplicationSupportsIndirectInputEvents = YES;
				INFOPLIST_KEY_UILaunchScreen_Generation = YES;
				INFOPLIST_KEY_UISupportedInterfaceOrientations_iPad = "UIInterfaceOrientationPortrait UIInterfaceOrientationPortraitUpsideDown UIInterfaceOrientationLandscapeLeft UIInterfaceOrientationLandscapeRight";
				INFOPLIST_KEY_UISupportedInterfaceOrientations_iPhone = "UIInterfaceOrientationPortrait UIInterfaceOrientationLandscapeLeft UIInterfaceOrientationLandscapeRight";
				LD_RUNPATH_SEARCH_PATHS = (
					"$(inherited)",
					"@executable_path/Frameworks",
				);
				MARKETING_VERSION = 1.0;
				PRODUCT_BUNDLE_IDENTIFIER = com.jeongminkim.CafeSwiftUI;
				PRODUCT_NAME = "$(TARGET_NAME)";
				SWIFT_EMIT_LOC_STRINGS = YES;
				SWIFT_VERSION = 5.0;
				TARGETED_DEVICE_FAMILY = "1,2";
			};
			name = Debug;
		};
		1E712911278F2406001BEAC3 /* Release */ = {
			isa = XCBuildConfiguration;
			buildSettings = {
				ASSETCATALOG_COMPILER_APPICON_NAME = AppIcon;
				ASSETCATALOG_COMPILER_GLOBAL_ACCENT_COLOR_NAME = AccentColor;
				CODE_SIGN_STYLE = Automatic;
				CURRENT_PROJECT_VERSION = 1;
				DEVELOPMENT_ASSET_PATHS = "\"CafeSwiftUI/Preview Content\"";
				DEVELOPMENT_TEAM = 4FTFKXF8N5;
				ENABLE_PREVIEWS = YES;
				GENERATE_INFOPLIST_FILE = YES;
				INFOPLIST_KEY_UIApplicationSceneManifest_Generation = YES;
				INFOPLIST_KEY_UIApplicationSupportsIndirectInputEvents = YES;
				INFOPLIST_KEY_UILaunchScreen_Generation = YES;
				INFOPLIST_KEY_UISupportedInterfaceOrientations_iPad = "UIInterfaceOrientationPortrait UIInterfaceOrientationPortraitUpsideDown UIInterfaceOrientationLandscapeLeft UIInterfaceOrientationLandscapeRight";
				INFOPLIST_KEY_UISupportedInterfaceOrientations_iPhone = "UIInterfaceOrientationPortrait UIInterfaceOrientationLandscapeLeft UIInterfaceOrientationLandscapeRight";
				LD_RUNPATH_SEARCH_PATHS = (
					"$(inherited)",
					"@executable_path/Frameworks",
				);
				MARKETING_VERSION = 1.0;
				PRODUCT_BUNDLE_IDENTIFIER = com.jeongminkim.CafeSwiftUI;
				PRODUCT_NAME = "$(TARGET_NAME)";
				SWIFT_EMIT_LOC_STRINGS = YES;
				SWIFT_VERSION = 5.0;
				TARGETED_DEVICE_FAMILY = "1,2";
			};
			name = Release;
		};
/* End XCBuildConfiguration section */

/* Begin XCConfigurationList section */
		1E7128FC278F2404001BEAC3 /* Build configuration list for PBXProject "CafeSwiftUI" */ = {
			isa = XCConfigurationList;
			buildConfigurations = (
				1E71290D278F2406001BEAC3 /* Debug */,
				1E71290E278F2406001BEAC3 /* Release */,
			);
			defaultConfigurationIsVisible = 0;
			defaultConfigurationName = Release;
		};
		1E71290F278F2406001BEAC3 /* Build configuration list for PBXNativeTarget "CafeSwiftUI" */ = {
			isa = XCConfigurationList;
			buildConfigurations = (
				1E712910278F2406001BEAC3 /* Debug */,
				1E712911278F2406001BEAC3 /* Release */,
			);
			defaultConfigurationIsVisible = 0;
			defaultConfigurationName = Release;
		};
/* End XCConfigurationList section */
	};
	rootObject = 1E7128F9278F2404001BEAC3 /* Project object */;
}
